# This file is automatically @generated by Wally.
# It is not intended for manual editing.
registry = "test"

[[package]]
name = "1foreverhd/topbarplus"
version = "3.4.0"
dependencies = []

[[package]]
name = "ayomo/trashcompactor"
version = "0.1.0"
dependencies = [["Charm", "littensy/charm@0.10.0"], ["Cmdr", "evaera/cmdr@1.12.0"], ["Janitor", "howmanysmall/janitor@1.18.3"], ["ProfileService", "brittonfischer/profileservice@2.1.5"], ["TopbarPlus", "1foreverhd/topbarplus@3.4.0"]]

[[package]]
name = "brittonfischer/profileservice"
version = "2.1.5"
dependencies = []

[[package]]
name = "evaera/cmdr"
version = "1.12.0"
dependencies = []

[[package]]
name = "evaera/promise"
version = "4.0.0"
dependencies = []

[[package]]
name = "howmanysmall/janitor"
version = "1.18.3"
dependencies = [["Promise", "howmanysmall/typed-promise@4.0.6"]]

[[package]]
name = "howmanysmall/typed-promise"
version = "4.0.6"
dependencies = [["Promise", "evaera/promise@4.0.0"]]

[[package]]
name = "littensy/charm"
version = "0.10.0"
dependencies = []
